# THIS IS AN AUTOGENERATED FILE. DO NOT EDIT THIS FILE DIRECTLY.
# yarn lockfile v1


min-indent@^1.0.0:
  version "1.0.0"
  resolved "https://registry.yarnpkg.com/min-indent/-/min-indent-1.0.0.tgz#cfc45c37e9ec0d8f0a0ec3dd4ef7f7c3abe39256"

parse5-html-rewriting-stream@^6.0.0:
  version "6.0.0"
  resolved "https://registry.yarnpkg.com/parse5-html-rewriting-stream/-/parse5-html-rewriting-stream-6.0.0.tgz#c41e185a948f6c61f4645d14846cd35b10b64a7d"
  dependencies:
    parse5 "^6.0.0"
    parse5-sax-parser "^6.0.0"

parse5-sax-parser@^6.0.0:
  version "6.0.0"
  resolved "https://registry.yarnpkg.com/parse5-sax-parser/-/parse5-sax-parser-6.0.0.tgz#4646b80e05d30490e03bbd5a8d81cbb2e1fe631d"
  dependencies:
    parse5 "^6.0.0"

parse5@^6.0.0:
  version "6.0.0"
  resolved "https://registry.yarnpkg.com/parse5/-/parse5-6.0.0.tgz#d2ac3448289c84b49947d49a39f7bef6200fa6ba"

prettier@2.0.4:
  version "2.0.4"
  resolved "https://registry.yarnpkg.com/prettier/-/prettier-2.0.4.tgz#2d1bae173e355996ee355ec9830a7a1ee05457ef"

strip-indent@^3.0.0:
  version "3.0.0"
  resolved "https://registry.yarnpkg.com/strip-indent/-/strip-indent-3.0.0.tgz#c32e1cee940b6b3432c771bc2c54bcce73cd3001"
  dependencies:
    min-indent "^1.0.0"
